
Microsoft Visual Studio Solution File, Format Version 12.00
# Visual Studio Version 16
VisualStudioVersion = 16.0.31515.178
MinimumVisualStudioVersion = 10.0.40219.1
Project("{888888A0-9F3D-457C-B088-3A5042F75D52}") = "S261 Course Project", "S261 Course Project.pyproj", "{E4AF7C63-B24B-44A3-9348-9F0A1577FD2F}"
EndProject
Global
	GlobalSection(SolutionConfigurationPlatforms) = preSolution
		Debug|Any CPU = Debug|Any CPU
		Release|Any CPU = Release|Any CPU
	EndGlobalSection
	GlobalSection(ProjectConfigurationPlatforms) = postSolution
		{E4AF7C63-B24B-44A3-9348-9F0A1577FD2F}.Debug|Any CPU.ActiveCfg = Debug|Any CPU
		{E4AF7C63-B24B-44A3-9348-9F0A1577FD2F}.Release|Any CPU.ActiveCfg = Release|Any CPU
	EndGlobalSection
	GlobalSection(SolutionProperties) = preSolution
		HideSolutionNode = FALSE
	EndGlobalSection
	GlobalSection(ExtensibilityGlobals) = postSolution
		SolutionGuid = {3FAA7C48-3BC8-44C2-B365-7FB9ED5CA717}
	EndGlobalSection
EndGlobal
